{
  "originHash" : "b8f84cfa83898a12fa412c4de1d4d0f21a30b38e139007a7026ce59c0aa5092d",
  "pins" : [
    {
      "identity" : "factory",
      "kind" : "remoteSourceControl",
      "location" : "https://github.com/hmlongco/Factory.git",
      "state" : {
        "revision" : "b32dc7a813c2da6b3c3618df12534b1d85c6aa78",
        "version" : "3.0.5"
      }
    },
    {
      "identity" : "kingfisher",
      "kind" : "remoteSourceControl",
      "location" : "https://github.com/onevcat/Kingfisher.git",
      "state" : {
        "revision" : "cf8be20d07654570554c8a8a4952bc8a5766a8b0",
        "version" : "8.9.0"
      }
    }
  ],
  "version" : 3
}
